
Microsoft Visual Studio Solution File, Format Version 12.00
# Visual Studio 15
VisualStudioVersion = 15.0.27428.2002
MinimumVisualStudioVersion = 10.0.40219.1
Project("{9A19103F-16F7-4668-BE54-9A1E7A4F7556}") = "wallet", "ConsoleNanoWallet\wallet.csproj", "{E71E1A1A-8A94-44C5-AA20-BBB8FA865D10}"
EndProject
Global
	GlobalSection(SolutionConfigurationPlatforms) = preSolution
		Debug|Any CPU = Debug|Any CPU
		Release|Any CPU = Release|Any CPU
	EndGlobalSection
	GlobalSection(ProjectConfigurationPlatforms) = postSolution
		{E71E1A1A-8A94-44C5-AA20-BBB8FA865D10}.Debug|Any CPU.ActiveCfg = Debug|Any CPU
		{E71E1A1A-8A94-44C5-AA20-BBB8FA865D10}.Debug|Any CPU.Build.0 = Debug|Any CPU
		{E71E1A1A-8A94-44C5-AA20-BBB8FA865D10}.Release|Any CPU.ActiveCfg = Release|Any CPU
		{E71E1A1A-8A94-44C5-AA20-BBB8FA865D10}.Release|Any CPU.Build.0 = Release|Any CPU
	EndGlobalSection
	GlobalSection(SolutionProperties) = preSolution
		HideSolutionNode = FALSE
	EndGlobalSection
	GlobalSection(ExtensibilityGlobals) = postSolution
		SolutionGuid = {6EB690A9-86E5-4601-A600-621E8D17A2C0}
	EndGlobalSection
EndGlobal
